
Microsoft Visual Studio Solution File, Format Version 12.00
# Visual Studio Version 17
VisualStudioVersion = 17.4.33213.308
MinimumVisualStudioVersion = 10.0.40219.1
Project("{FAE04EC0-301F-11D3-BF4B-00C04F79EFBC}") = "E-Commerce_Discount", "E-Commerce_Discount\E-Commerce_Discount.csproj", "{BF684338-5C5C-4AB4-BC0A-2DD455BF2BE3}"
EndProject
Global
	GlobalSection(SolutionConfigurationPlatforms) = preSolution
		Debug|Any CPU = Debug|Any CPU
		Release|Any CPU = Release|Any CPU
	EndGlobalSection
	GlobalSection(ProjectConfigurationPlatforms) = postSolution
		{BF684338-5C5C-4AB4-BC0A-2DD455BF2BE3}.Debug|Any CPU.ActiveCfg = Debug|Any CPU
		{BF684338-5C5C-4AB4-BC0A-2DD455BF2BE3}.Debug|Any CPU.Build.0 = Debug|Any CPU
		{BF684338-5C5C-4AB4-BC0A-2DD455BF2BE3}.Release|Any CPU.ActiveCfg = Release|Any CPU
		{BF684338-5C5C-4AB4-BC0A-2DD455BF2BE3}.Release|Any CPU.Build.0 = Release|Any CPU
	EndGlobalSection
	GlobalSection(SolutionProperties) = preSolution
		HideSolutionNode = FALSE
	EndGlobalSection
	GlobalSection(ExtensibilityGlobals) = postSolution
		SolutionGuid = {5897695A-B9D7-4CF7-AC28-03B67F546177}
	EndGlobalSection
EndGlobal
